
Microsoft Visual Studio Solution File, Format Version 12.00
Project("{FAE04EC0-301F-11D3-BF4B-00C04F79EFBC}") = "NxJestMerge", "NxJestMerge\NxJestMerge.csproj", "{A508E8B8-5C25-41B0-8B6E-68576768412C}"
EndProject
Project("{FAE04EC0-301F-11D3-BF4B-00C04F79EFBC}") = "NxJestMerge.Tests", "NxJestMerge.Tests\NxJestMerge.Tests.csproj", "{33F7F425-44C9-4EB2-B907-EFBAD00085FF}"
EndProject
Global
	GlobalSection(SolutionConfigurationPlatforms) = preSolution
		Debug|Any CPU = Debug|Any CPU
		Release|Any CPU = Release|Any CPU
	EndGlobalSection
	GlobalSection(ProjectConfigurationPlatforms) = postSolution
		{A508E8B8-5C25-41B0-8B6E-68576768412C}.Debug|Any CPU.ActiveCfg = Debug|Any CPU
		{A508E8B8-5C25-41B0-8B6E-68576768412C}.Debug|Any CPU.Build.0 = Debug|Any CPU
		{A508E8B8-5C25-41B0-8B6E-68576768412C}.Release|Any CPU.ActiveCfg = Release|Any CPU
		{A508E8B8-5C25-41B0-8B6E-68576768412C}.Release|Any CPU.Build.0 = Release|Any CPU
		{33F7F425-44C9-4EB2-B907-EFBAD00085FF}.Debug|Any CPU.ActiveCfg = Debug|Any CPU
		{33F7F425-44C9-4EB2-B907-EFBAD00085FF}.Debug|Any CPU.Build.0 = Debug|Any CPU
		{33F7F425-44C9-4EB2-B907-EFBAD00085FF}.Release|Any CPU.ActiveCfg = Release|Any CPU
		{33F7F425-44C9-4EB2-B907-EFBAD00085FF}.Release|Any CPU.Build.0 = Release|Any CPU
	EndGlobalSection
EndGlobal
